
Microsoft Visual Studio Solution File, Format Version 12.00
# Visual Studio Version 17
VisualStudioVersion = 17.8.34511.84
MinimumVisualStudioVersion = 10.0.40219.1
Project("{FAE04EC0-301F-11D3-BF4B-00C04F79EFBC}") = "MailCode", "MailCode.csproj", "{FD4D7CA5-A217-4BAB-9037-625FC3CE0A10}"
EndProject
Project("{FAE04EC0-301F-11D3-BF4B-00C04F79EFBC}") = "MailTest", "..\MailTest\MailTest.csproj", "{0276F7F2-8BDA-4304-9DCE-9DB10F601101}"
EndProject
Global
	GlobalSection(SolutionConfigurationPlatforms) = preSolution
		Debug|Any CPU = Debug|Any CPU
		Release|Any CPU = Release|Any CPU
	EndGlobalSection
	GlobalSection(ProjectConfigurationPlatforms) = postSolution
		{FD4D7CA5-A217-4BAB-9037-625FC3CE0A10}.Debug|Any CPU.ActiveCfg = Debug|Any CPU
		{FD4D7CA5-A217-4BAB-9037-625FC3CE0A10}.Debug|Any CPU.Build.0 = Debug|Any CPU
		{FD4D7CA5-A217-4BAB-9037-625FC3CE0A10}.Release|Any CPU.ActiveCfg = Release|Any CPU
		{FD4D7CA5-A217-4BAB-9037-625FC3CE0A10}.Release|Any CPU.Build.0 = Release|Any CPU
		{0276F7F2-8BDA-4304-9DCE-9DB10F601101}.Debug|Any CPU.ActiveCfg = Debug|Any CPU
		{0276F7F2-8BDA-4304-9DCE-9DB10F601101}.Debug|Any CPU.Build.0 = Debug|Any CPU
		{0276F7F2-8BDA-4304-9DCE-9DB10F601101}.Release|Any CPU.ActiveCfg = Release|Any CPU
		{0276F7F2-8BDA-4304-9DCE-9DB10F601101}.Release|Any CPU.Build.0 = Release|Any CPU
	EndGlobalSection
	GlobalSection(SolutionProperties) = preSolution
		HideSolutionNode = FALSE
	EndGlobalSection
	GlobalSection(ExtensibilityGlobals) = postSolution
		SolutionGuid = {38E0D9A6-CB29-49F1-BD27-F445873A0719}
	EndGlobalSection
EndGlobal
